
Microsoft Visual Studio Solution File, Format Version 12.00
# Visual Studio 15
VisualStudioVersion = 15.0.26430.15
MinimumVisualStudioVersion = 10.0.40219.1
Project("{FAE04EC0-301F-11D3-BF4B-00C04F79EFBC}") = "MyScadaTest", "MyScadaTest\MyScadaTest.csproj", "{8196CDD6-87E3-4CC4-8601-9E100FB5985A}"
EndProject
Project("{FAE04EC0-301F-11D3-BF4B-00C04F79EFBC}") = "WebScada2", "WebScada2\WebScada2.csproj", "{2979F14C-2093-4207-A2D5-09FC9BD758B8}"
EndProject
Global
	GlobalSection(SolutionConfigurationPlatforms) = preSolution
		Debug|Any CPU = Debug|Any CPU
		Release|Any CPU = Release|Any CPU
	EndGlobalSection
	GlobalSection(ProjectConfigurationPlatforms) = postSolution
		{8196CDD6-87E3-4CC4-8601-9E100FB5985A}.Debug|Any CPU.ActiveCfg = Debug|Any CPU
		{8196CDD6-87E3-4CC4-8601-9E100FB5985A}.Debug|Any CPU.Build.0 = Debug|Any CPU
		{8196CDD6-87E3-4CC4-8601-9E100FB5985A}.Release|Any CPU.ActiveCfg = Release|Any CPU
		{8196CDD6-87E3-4CC4-8601-9E100FB5985A}.Release|Any CPU.Build.0 = Release|Any CPU
		{2979F14C-2093-4207-A2D5-09FC9BD758B8}.Debug|Any CPU.ActiveCfg = Debug|Any CPU
		{2979F14C-2093-4207-A2D5-09FC9BD758B8}.Debug|Any CPU.Build.0 = Debug|Any CPU
		{2979F14C-2093-4207-A2D5-09FC9BD758B8}.Release|Any CPU.ActiveCfg = Release|Any CPU
		{2979F14C-2093-4207-A2D5-09FC9BD758B8}.Release|Any CPU.Build.0 = Release|Any CPU
	EndGlobalSection
	GlobalSection(SolutionProperties) = preSolution
		HideSolutionNode = FALSE
	EndGlobalSection
	GlobalSection(ExtensibilityGlobals) = postSolution
		SolutionGuid = {DB13A6D6-3B22-47F0-A321-79A052CC5526}
	EndGlobalSection
EndGlobal
